
Microsoft Visual Studio Solution File, Format Version 12.00
# Visual Studio Version 17
VisualStudioVersion = 17.14.36623.8 d17.14
MinimumVisualStudioVersion = 10.0.40219.1
Project("{FAE04EC0-301F-11D3-BF4B-00C04F79EFBC}") = "KiefProductions_Site", "KiefProductions_Site.csproj", "{DA80CD38-638E-4C81-8C74-51EE8F1F150C}"
EndProject
Global
	GlobalSection(SolutionConfigurationPlatforms) = preSolution
		Debug|Any CPU = Debug|Any CPU
		Release|Any CPU = Release|Any CPU
	EndGlobalSection
	GlobalSection(ProjectConfigurationPlatforms) = postSolution
		{DA80CD38-638E-4C81-8C74-51EE8F1F150C}.Debug|Any CPU.ActiveCfg = Debug|Any CPU
		{DA80CD38-638E-4C81-8C74-51EE8F1F150C}.Debug|Any CPU.Build.0 = Debug|Any CPU
		{DA80CD38-638E-4C81-8C74-51EE8F1F150C}.Release|Any CPU.ActiveCfg = Release|Any CPU
		{DA80CD38-638E-4C81-8C74-51EE8F1F150C}.Release|Any CPU.Build.0 = Release|Any CPU
	EndGlobalSection
	GlobalSection(SolutionProperties) = preSolution
		HideSolutionNode = FALSE
	EndGlobalSection
	GlobalSection(ExtensibilityGlobals) = postSolution
		SolutionGuid = {103FCF94-63DF-4259-965C-737EC681FDB3}
	EndGlobalSection
EndGlobal
